// !$*UTF8*$!
{
	archiveVersion = 1;
	classes = {
	};
	objectVersion = 77;
	objects = {

/* Begin PBXBuildFile section */
		816DE2052F59F44F0057CF20 /* ClerkKit in Frameworks */ = {isa = PBXBuildFile; productRef = 816DE2042F59F44F0057CF20 /* ClerkKit */; };
		816DE2072F59F44F0057CF20 /* ClerkKitUI in Frameworks */ = {isa = PBXBuildFile; productRef = 816DE2062F59F44F0057CF20 /* ClerkKitUI */; };
/* End PBXBuildFile section */

/* Begin PBXContainerItemProxy section */
		81FA99922F59D8AC00E0FC85 /* PBXContainerItemProxy */ = {
			isa = PBXContainerItemProxy;
			containerPortal = 81FA997C2F59D8AB00E0FC85 /* Project object */;
			proxyType = 1;
			remoteGlobalIDString = 81FA99832F59D8AB00E0FC85;
			remoteInfo = tabletview;
		};
		81FA999C2F59D8AC00E0FC85 /* PBXContainerItemProxy */ = {
			isa = PBXContainerItemProxy;
			containerPortal = 81FA997C2F59D8AB00E0FC85 /* Project object */;
			proxyType = 1;
			remoteGlobalIDString = 81FA99832F59D8AB00E0FC85;
			remoteInfo = tabletview;
		};
/* End PBXContainerItemProxy section */

/* Begin PBXFileReference section */
		81FA99842F59D8AB00E0FC85 /* tabletview.app */ = {isa = PBXFileReference; explicitFileType = wrapper.application; includeInIndex = 0; path = tabletview.app; sourceTree = BUILT_PRODUCTS_DIR; };
		81FA99912F59D8AC00E0FC85 /* tabletviewTests.xctest */ = {isa = PBXFileReference; explicitFileType = wrapper.cfbundle; includeInIndex = 0; path = tabletviewTests.xctest; sourceTree = BUILT_PRODUCTS_DIR; };
		81FA999B2F59D8AC00E0FC85 /* tabletviewUITests.xctest */ = {isa = PBXFileReference; explicitFileType = wrapper.cfbundle; includeInIndex = 0; path = tabletviewUITests.xctest; sourceTree = BUILT_PRODUCTS_DIR; };
/* End PBXFileReference section */

/* Begin PBXFileSystemSynchronizedRootGroup section */
		81FA99862F59D8AB00E0FC85 /* tabletview */ = {
			isa = PBXFileSystemSynchronizedRootGroup;
			path = tabletview;
			sourceTree = "<group>";
		};
		81FA99942F59D8AC00E0FC85 /* tabletviewTests */ = {
			isa = PBXFileSystemSynchronizedRootGroup;
			path = tabletviewTests;
			sourceTree = "<group>";
		};
		81FA999E2F59D8AC00E0FC85 /* tabletviewUITests */ = {
			isa = PBXFileSystemSynchronizedRootGroup;
			path = tabletviewUITests;
			sourceTree = "<group>";
		};
/* End PBXFileSystemSynchronizedRootGroup section */

/* Begin PBXFrameworksBuildPhase section */
		81FA99812F59D8AB00E0FC85 /* Frameworks */ = {
			isa = PBXFrameworksBuildPhase;
			buildActionMask = 2147483647;
			files = (
				816DE2052F59F44F0057CF20 /* ClerkKit in Frameworks */,
				816DE2072F59F44F0057CF20 /* ClerkKitUI in Frameworks */,
			);
			runOnlyForDeploymentPostprocessing = 0;
		};
		81FA998E2F59D8AC00E0FC85 /* Frameworks */ = {
			isa = PBXFrameworksBuildPhase;
			buildActionMask = 2147483647;
			files = (
			);
			runOnlyForDeploymentPostprocessing = 0;
		};
		81FA99982F59D8AC00E0FC85 /* Frameworks */ = {
			isa = PBXFrameworksBuildPhase;
			buildActionMask = 2147483647;
			files = (
			);
			runOnlyForDeploymentPostprocessing = 0;
		};
/* End PBXFrameworksBuildPhase section */

/* Begin PBXGroup section */
		81FA997B2F59D8AB00E0FC85 = {
			isa = PBXGroup;
			children = (
				81FA99862F59D8AB00E0FC85 /* tabletview */,
				81FA99942F59D8AC00E0FC85 /* tabletviewTests */,
				81FA999E2F59D8AC00E0FC85 /* tabletviewUITests */,
				81FA99852F59D8AB00E0FC85 /* Products */,
			);
			sourceTree = "<group>";
		};
		81FA99852F59D8AB00E0FC85 /* Products */ = {
			isa = PBXGroup;
			children = (
				81FA99842F59D8AB00E0FC85 /* tabletview.app */,
				81FA99912F59D8AC00E0FC85 /* tabletviewTests.xctest */,
				81FA999B2F59D8AC00E0FC85 /* tabletviewUITests.xctest */,
			);
			name = Products;
			sourceTree = "<group>";
		};
/* End PBXGroup section */

/* Begin PBXNativeTarget section */
		81FA99832F59D8AB00E0FC85 /* tabletview */ = {
			isa = PBXNativeTarget;
			buildConfigurationList = 81FA99A52F59D8AC00E0FC85 /* Build configuration list for PBXNativeTarget "tabletview" */;
			buildPhases = (
				81FA99802F59D8AB00E0FC85 /* Sources */,
				81FA99812F59D8AB00E0FC85 /* Frameworks */,
				81FA99822F59D8AB00E0FC85 /* Resources */,
			);
			buildRules = (
			);
			dependencies = (
			);
			fileSystemSynchronizedGroups = (
				81FA99862F59D8AB00E0FC85 /* tabletview */,
			);
			name = tabletview;
			packageProductDependencies = (
				816DE2042F59F44F0057CF20 /* ClerkKit */,
				816DE2062F59F44F0057CF20 /* ClerkKitUI */,
			);
			productName = tabletview;
			productReference = 81FA99842F59D8AB00E0FC85 /* tabletview.app */;
			productType = "com.apple.product-type.application";
		};
		81FA99902F59D8AC00E0FC85 /* tabletviewTests */ = {
			isa = PBXNativeTarget;
			buildConfigurationList = 81FA99A82F59D8AC00E0FC85 /* Build configuration list for PBXNativeTarget "tabletviewTests" */;
			buildPhases = (
				81FA998D2F59D8AC00E0FC85 /* Sources */,
				81FA998E2F59D8AC00E0FC85 /* Frameworks */,
				81FA998F2F59D8AC00E0FC85 /* Resources */,
			);
			buildRules = (
			);
			dependencies = (
				81FA99932F59D8AC00E0FC85 /* PBXTargetDependency */,
			);
			fileSystemSynchronizedGroups = (
				81FA99942F59D8AC00E0FC85 /* tabletviewTests */,
			);
			name = tabletviewTests;
			packageProductDependencies = (
			);
			productName = tabletviewTests;
			productReference = 81FA99912F59D8AC00E0FC85 /* tabletviewTests.xctest */;
			productType = "com.apple.product-type.bundle.unit-test";
		};
		81FA999A2F59D8AC00E0FC85 /* tabletviewUITests */ = {
			isa = PBXNativeTarget;
			buildConfigurationList = 81FA99AB2F59D8AC00E0FC85 /* Build configuration list for PBXNativeTarget "tabletviewUITests" */;
			buildPhases = (
				81FA99972F59D8AC00E0FC85 /* Sources */,
				81FA99982F59D8AC00E0FC85 /* Frameworks */,
				81FA99992F59D8AC00E0FC85 /* Resources */,
			);
			buildRules = (
			);
			dependencies = (
				81FA999D2F59D8AC00E0FC85 /* PBXTargetDependency */,
			);
			fileSystemSynchronizedGroups = (
				81FA999E2F59D8AC00E0FC85 /* tabletviewUITests */,
			);
			name = tabletviewUITests;
			packageProductDependencies = (
			);
			productName = tabletviewUITests;
			productReference = 81FA999B2F59D8AC00E0FC85 /* tabletviewUITests.xctest */;
			productType = "com.apple.product-type.bundle.ui-testing";
		};
/* End PBXNativeTarget section */

/* Begin PBXProject section */
		81FA997C2F59D8AB00E0FC85 /* Project object */ = {
			isa = PBXProject;
			attributes = {
				BuildIndependentTargetsInParallel = 1;
				LastSwiftUpdateCheck = 2600;
				LastUpgradeCheck = 2600;
				TargetAttributes = {
					81FA99832F59D8AB00E0FC85 = {
						CreatedOnToolsVersion = 26.0.1;
					};
					81FA99902F59D8AC00E0FC85 = {
						CreatedOnToolsVersion = 26.0.1;
						TestTargetID = 81FA99832F59D8AB00E0FC85;
					};
					81FA999A2F59D8AC00E0FC85 = {
						CreatedOnToolsVersion = 26.0.1;
						TestTargetID = 81FA99832F59D8AB00E0FC85;
					};
				};
			};
			buildConfigurationList = 81FA997F2F59D8AB00E0FC85 /* Build configuration list for PBXProject "tabletview" */;
			developmentRegion = en;
			hasScannedForEncodings = 0;
			knownRegions = (
				en,
				Base,
			);
			mainGroup = 81FA997B2F59D8AB00E0FC85;
			minimizedProjectReferenceProxies = 1;
			packageReferences = (
				816DE2032F59F44F0057CF20 /* XCRemoteSwiftPackageReference "clerk-ios" */,
			);
			preferredProjectObjectVersion = 77;
			productRefGroup = 81FA99852F59D8AB00E0FC85 /* Products */;
			projectDirPath = "";
			projectRoot = "";
			targets = (
				81FA99832F59D8AB00E0FC85 /* tabletview */,
				81FA99902F59D8AC00E0FC85 /* tabletviewTests */,
				81FA999A2F59D8AC00E0FC85 /* tabletviewUITests */,
			);
		};
/* End PBXProject section */

/* Begin PBXResourcesBuildPhase section */
		81FA99822F59D8AB00E0FC85 /* Resources */ = {
			isa = PBXResourcesBuildPhase;
			buildActionMask = 2147483647;
			files = (
			);
			runOnlyForDeploymentPostprocessing = 0;
		};
		81FA998F2F59D8AC00E0FC85 /* Resources */ = {
			isa = PBXResourcesBuildPhase;
			buildActionMask = 2147483647;
			files = (
			);
			runOnlyForDeploymentPostprocessing = 0;
		};
		81FA99992F59D8AC00E0FC85 /* Resources */ = {
			isa = PBXResourcesBuildPhase;
			buildActionMask = 2147483647;
			files = (
			);
			runOnlyForDeploymentPostprocessing = 0;
		};
/* End PBXResourcesBuildPhase section */

/* Begin PBXSourcesBuildPhase section */
		81FA99802F59D8AB00E0FC85 /* Sources */ = {
			isa = PBXSourcesBuildPhase;
			buildActionMask = 2147483647;
			files = (
			);
			runOnlyForDeploymentPostprocessing = 0;
		};
		81FA998D2F59D8AC00E0FC85 /* Sources */ = {
			isa = PBXSourcesBuildPhase;
			buildActionMask = 2147483647;
			files = (
			);
			runOnlyForDeploymentPostprocessing = 0;
		};
		81FA99972F59D8AC00E0FC85 /* Sources */ = {
			isa = PBXSourcesBuildPhase;
			buildActionMask = 2147483647;
			files = (
			);
			runOnlyForDeploymentPostprocessing = 0;
		};
/* End PBXSourcesBuildPhase section */

/* Begin PBXTargetDependency section */
		81FA99932F59D8AC00E0FC85 /* PBXTargetDependency */ = {
			isa = PBXTargetDependency;
			target = 81FA99832F59D8AB00E0FC85 /* tabletview */;
			targetProxy = 81FA99922F59D8AC00E0FC85 /* PBXContainerItemProxy */;
		};
		81FA999D2F59D8AC00E0FC85 /* PBXTargetDependency */ = {
			isa = PBXTargetDependency;
			target = 81FA99832F59D8AB00E0FC85 /* tabletview */;
			targetProxy = 81FA999C2F59D8AC00E0FC85 /* PBXContainerItemProxy */;
		};
/* End PBXTargetDependency section */

/* Begin XCBuildConfiguration section */
		81FA99A32F59D8AC00E0FC85 /* Debug */ = {
			isa = XCBuildConfiguration;
			buildSettings = {
				ALWAYS_SEARCH_USER_PATHS = NO;
				ASSETCATALOG_COMPILER_GENERATE_SWIFT_ASSET_SYMBOL_EXTENSIONS = YES;
				CLANG_ANALYZER_NONNULL = YES;
				CLANG_ANALYZER_NUMBER_OBJECT_CONVERSION = YES_AGGRESSIVE;
				CLANG_CXX_LANGUAGE_STANDARD = "gnu++20";
				CLANG_ENABLE_MODULES = YES;
				CLANG_ENABLE_OBJC_ARC = YES;
				CLANG_ENABLE_OBJC_WEAK = YES;
				CLANG_WARN_BLOCK_CAPTURE_AUTORELEASING = YES;
				CLANG_WARN_BOOL_CONVERSION = YES;
				CLANG_WARN_COMMA = YES;
				CLANG_WARN_CONSTANT_CONVERSION = YES;
				CLANG_WARN_DEPRECATED_OBJC_IMPLEMENTATIONS = YES;
				CLANG_WARN_DIRECT_OBJC_ISA_USAGE = YES_ERROR;
				CLANG_WARN_DOCUMENTATION_COMMENTS = YES;
				CLANG_WARN_EMPTY_BODY = YES;
				CLANG_WARN_ENUM_CONVERSION = YES;
				CLANG_WARN_INFINITE_RECURSION = YES;
				CLANG_WARN_INT_CONVERSION = YES;
				CLANG_WARN_NON_LITERAL_NULL_CONVERSION = YES;
				CLANG_WARN_OBJC_IMPLICIT_RETAIN_SELF = YES;
				CLANG_WARN_OBJC_LITERAL_CONVERSION = YES;
				CLANG_WARN_OBJC_ROOT_CLASS = YES_ERROR;
				CLANG_WARN_QUOTED_INCLUDE_IN_FRAMEWORK_HEADER = YES;
				CLANG_WARN_RANGE_LOOP_ANALYSIS = YES;
				CLANG_WARN_STRICT_PROTOTYPES = YES;
				CLANG_WARN_SUSPICIOUS_MOVE = YES;
				CLANG_WARN_UNGUARDED_AVAILABILITY = YES_AGGRESSIVE;
				CLANG_WARN_UNREACHABLE_CODE = YES;
				CLANG_WARN__DUPLICATE_METHOD_MATCH = YES;
				COPY_PHASE_STRIP = NO;
				DEBUG_INFORMATION_FORMAT = dwarf;
				ENABLE_STRICT_OBJC_MSGSEND = YES;
				ENABLE_TESTABILITY = YES;
				ENABLE_USER_SCRIPT_SANDBOXING = YES;
				GCC_C_LANGUAGE_STANDARD = gnu17;
				GCC_DYNAMIC_NO_PIC = NO;
				GCC_NO_COMMON_BLOCKS = YES;
				GCC_OPTIMIZATION_LEVEL = 0;
				GCC_PREPROCESSOR_DEFINITIONS = (
					"DEBUG=1",
					"$(inherited)",
				);
				GCC_WARN_64_TO_32_BIT_CONVERSION = YES;
				GCC_WARN_ABOUT_RETURN_TYPE = YES_ERROR;
				GCC_WARN_UNDECLARED_SELECTOR = YES;
				GCC_WARN_UNINITIALIZED_AUTOS = YES_AGGRESSIVE;
				GCC_WARN_UNUSED_FUNCTION = YES;
				GCC_WARN_UNUSED_VARIABLE = YES;
				IPHONEOS_DEPLOYMENT_TARGET = 26.0;
				LOCALIZATION_PREFERS_STRING_CATALOGS = YES;
				MTL_ENABLE_DEBUG_INFO = INCLUDE_SOURCE;
				MTL_FAST_MATH = YES;
				ONLY_ACTIVE_ARCH = YES;
				SDKROOT = iphoneos;
				SWIFT_ACTIVE_COMPILATION_CONDITIONS = "DEBUG $(inherited)";
				SWIFT_OPTIMIZATION_LEVEL = "-Onone";
			};
			name = Debug;
		};
		81FA99A42F59D8AC00E0FC85 /* Release */ = {
			isa = XCBuildConfiguration;
			buildSettings = {
				ALWAYS_SEARCH_USER_PATHS = NO;
				ASSETCATALOG_COMPILER_GENERATE_SWIFT_ASSET_SYMBOL_EXTENSIONS = YES;
				CLANG_ANALYZER_NONNULL = YES;
				CLANG_ANALYZER_NUMBER_OBJECT_CONVERSION = YES_AGGRESSIVE;
				CLANG_CXX_LANGUAGE_STANDARD = "gnu++20";
				CLANG_ENABLE_MODULES = YES;
				CLANG_ENABLE_OBJC_ARC = YES;
				CLANG_ENABLE_OBJC_WEAK = YES;
				CLANG_WARN_BLOCK_CAPTURE_AUTORELEASING = YES;
				CLANG_WARN_BOOL_CONVERSION = YES;
				CLANG_WARN_COMMA = YES;
				CLANG_WARN_CONSTANT_CONVERSION = YES;
				CLANG_WARN_DEPRECATED_OBJC_IMPLEMENTATIONS = YES;
				CLANG_WARN_DIRECT_OBJC_ISA_USAGE = YES_ERROR;
				CLANG_WARN_DOCUMENTATION_COMMENTS = YES;
				CLANG_WARN_EMPTY_BODY = YES;
				CLANG_WARN_ENUM_CONVERSION = YES;
				CLANG_WARN_INFINITE_RECURSION = YES;
				CLANG_WARN_INT_CONVERSION = YES;
				CLANG_WARN_NON_LITERAL_NULL_CONVERSION = YES;
				CLANG_WARN_OBJC_IMPLICIT_RETAIN_SELF = YES;
				CLANG_WARN_OBJC_LITERAL_CONVERSION = YES;
				CLANG_WARN_OBJC_ROOT_CLASS = YES_ERROR;
				CLANG_WARN_QUOTED_INCLUDE_IN_FRAMEWORK_HEADER = YES;
				CLANG_WARN_RANGE_LOOP_ANALYSIS = YES;
				CLANG_WARN_STRICT_PROTOTYPES = YES;
				CLANG_WARN_SUSPICIOUS_MOVE = YES;
				CLANG_WARN_UNGUARDED_AVAILABILITY = YES_AGGRESSIVE;
				CLANG_WARN_UNREACHABLE_CODE = YES;
				CLANG_WARN__DUPLICATE_METHOD_MATCH = YES;
				COPY_PHASE_STRIP = NO;
				DEBUG_INFORMATION_FORMAT = "dwarf-with-dsym";
				ENABLE_NS_ASSERTIONS = NO;
				ENABLE_STRICT_OBJC_MSGSEND = YES;
				ENABLE_USER_SCRIPT_SANDBOXING = YES;
				GCC_C_LANGUAGE_STANDARD = gnu17;
				GCC_NO_COMMON_BLOCKS = YES;
				GCC_WARN_64_TO_32_BIT_CONVERSION = YES;
				GCC_WARN_ABOUT_RETURN_TYPE = YES_ERROR;
				GCC_WARN_UNDECLARED_SELECTOR = YES;
				GCC_WARN_UNINITIALIZED_AUTOS = YES_AGGRESSIVE;
				GCC_WARN_UNUSED_FUNCTION = YES;
				GCC_WARN_UNUSED_VARIABLE = YES;
				IPHONEOS_DEPLOYMENT_TARGET = 26.0;
				LOCALIZATION_PREFERS_STRING_CATALOGS = YES;
				MTL_ENABLE_DEBUG_INFO = NO;
				MTL_FAST_MATH = YES;
				SDKROOT = iphoneos;
				SWIFT_COMPILATION_MODE = wholemodule;
				VALIDATE_PRODUCT = YES;
			};
			name = Release;
		};
		81FA99A62F59D8AC00E0FC85 /* Debug */ = {
			isa = XCBuildConfiguration;
			buildSettings = {
				ASSETCATALOG_COMPILER_APPICON_NAME = AppIcon;
				ASSETCATALOG_COMPILER_GLOBAL_ACCENT_COLOR_NAME = AccentColor;
				CODE_SIGN_ENTITLEMENTS = tabletview/tabletview.entitlements;
				CODE_SIGN_STYLE = Automatic;
				CURRENT_PROJECT_VERSION = 1;
				DEVELOPMENT_TEAM = E8QARB2U57;
				ENABLE_PREVIEWS = YES;
				GENERATE_INFOPLIST_FILE = YES;
				INFOPLIST_KEY_UIApplicationSceneManifest_Generation = YES;
				INFOPLIST_KEY_UIApplicationSupportsIndirectInputEvents = YES;
				INFOPLIST_KEY_UILaunchScreen_Generation = YES;
				INFOPLIST_KEY_UISupportedInterfaceOrientations_iPad = "UIInterfaceOrientationPortrait UIInterfaceOrientationPortraitUpsideDown UIInterfaceOrientationLandscapeLeft UIInterfaceOrientationLandscapeRight";
				INFOPLIST_KEY_UISupportedInterfaceOrientations_iPhone = "UIInterfaceOrientationPortrait UIInterfaceOrientationLandscapeLeft UIInterfaceOrientationLandscapeRight";
				LD_RUNPATH_SEARCH_PATHS = (
					"$(inherited)",
					"@executable_path/Frameworks",
				);
				MARKETING_VERSION = 1.0;
				PRODUCT_BUNDLE_IDENTIFIER = com.foxpupstudios.badging.ios;
				PRODUCT_NAME = "$(TARGET_NAME)";
				STRING_CATALOG_GENERATE_SYMBOLS = YES;
				SWIFT_APPROACHABLE_CONCURRENCY = YES;
				SWIFT_DEFAULT_ACTOR_ISOLATION = MainActor;
				SWIFT_EMIT_LOC_STRINGS = YES;
				SWIFT_UPCOMING_FEATURE_MEMBER_IMPORT_VISIBILITY = YES;
				SWIFT_VERSION = 5.0;
				TARGETED_DEVICE_FAMILY = "1,2";
			};
			name = Debug;
		};
		81FA99A72F59D8AC00E0FC85 /* Release */ = {
			isa = XCBuildConfiguration;
			buildSettings = {
				ASSETCATALOG_COMPILER_APPICON_NAME = AppIcon;
				ASSETCATALOG_COMPILER_GLOBAL_ACCENT_COLOR_NAME = AccentColor;
				CODE_SIGN_ENTITLEMENTS = tabletview/tabletview.entitlements;
				CODE_SIGN_STYLE = Automatic;
				CURRENT_PROJECT_VERSION = 1;
				DEVELOPMENT_TEAM = E8QARB2U57;
				ENABLE_PREVIEWS = YES;
				GENERATE_INFOPLIST_FILE = YES;
				INFOPLIST_KEY_UIApplicationSceneManifest_Generation = YES;
				INFOPLIST_KEY_UIApplicationSupportsIndirectInputEvents = YES;
				INFOPLIST_KEY_UILaunchScreen_Generation = YES;
				INFOPLIST_KEY_UISupportedInterfaceOrientations_iPad = "UIInterfaceOrientationPortrait UIInterfaceOrientationPortraitUpsideDown UIInterfaceOrientationLandscapeLeft UIInterfaceOrientationLandscapeRight";
				INFOPLIST_KEY_UISupportedInterfaceOrientations_iPhone = "UIInterfaceOrientationPortrait UIInterfaceOrientationLandscapeLeft UIInterfaceOrientationLandscapeRight";
				LD_RUNPATH_SEARCH_PATHS = (
					"$(inherited)",
					"@executable_path/Frameworks",
				);
				MARKETING_VERSION = 1.0;
				PRODUCT_BUNDLE_IDENTIFIER = com.foxpupstudios.badging.ios;
				PRODUCT_NAME = "$(TARGET_NAME)";
				STRING_CATALOG_GENERATE_SYMBOLS = YES;
				SWIFT_APPROACHABLE_CONCURRENCY = YES;
				SWIFT_DEFAULT_ACTOR_ISOLATION = MainActor;
				SWIFT_EMIT_LOC_STRINGS = YES;
				SWIFT_UPCOMING_FEATURE_MEMBER_IMPORT_VISIBILITY = YES;
				SWIFT_VERSION = 5.0;
				TARGETED_DEVICE_FAMILY = "1,2";
			};
			name = Release;
		};
		81FA99A92F59D8AC00E0FC85 /* Debug */ = {
			isa = XCBuildConfiguration;
			buildSettings = {
				BUNDLE_LOADER = "$(TEST_HOST)";
				CODE_SIGN_STYLE = Automatic;
				CURRENT_PROJECT_VERSION = 1;
				GENERATE_INFOPLIST_FILE = YES;
				IPHONEOS_DEPLOYMENT_TARGET = 26.0;
				MARKETING_VERSION = 1.0;
				PRODUCT_BUNDLE_IDENTIFIER = edu.fhnw.tabletviewTests;
				PRODUCT_NAME = "$(TARGET_NAME)";
				STRING_CATALOG_GENERATE_SYMBOLS = NO;
				SWIFT_APPROACHABLE_CONCURRENCY = YES;
				SWIFT_EMIT_LOC_STRINGS = NO;
				SWIFT_UPCOMING_FEATURE_MEMBER_IMPORT_VISIBILITY = YES;
				SWIFT_VERSION = 5.0;
				TARGETED_DEVICE_FAMILY = "1,2";
				TEST_HOST = "$(BUILT_PRODUCTS_DIR)/tabletview.app/$(BUNDLE_EXECUTABLE_FOLDER_PATH)/tabletview";
			};
			name = Debug;
		};
		81FA99AA2F59D8AC00E0FC85 /* Release */ = {
			isa = XCBuildConfiguration;
			buildSettings = {
				BUNDLE_LOADER = "$(TEST_HOST)";
				CODE_SIGN_STYLE = Automatic;
				CURRENT_PROJECT_VERSION = 1;
				GENERATE_INFOPLIST_FILE = YES;
				IPHONEOS_DEPLOYMENT_TARGET = 26.0;
				MARKETING_VERSION = 1.0;
				PRODUCT_BUNDLE_IDENTIFIER = edu.fhnw.tabletviewTests;
				PRODUCT_NAME = "$(TARGET_NAME)";
				STRING_CATALOG_GENERATE_SYMBOLS = NO;
				SWIFT_APPROACHABLE_CONCURRENCY = YES;
				SWIFT_EMIT_LOC_STRINGS = NO;
				SWIFT_UPCOMING_FEATURE_MEMBER_IMPORT_VISIBILITY = YES;
				SWIFT_VERSION = 5.0;
				TARGETED_DEVICE_FAMILY = "1,2";
				TEST_HOST = "$(BUILT_PRODUCTS_DIR)/tabletview.app/$(BUNDLE_EXECUTABLE_FOLDER_PATH)/tabletview";
			};
			name = Release;
		};
		81FA99AC2F59D8AC00E0FC85 /* Debug */ = {
			isa = XCBuildConfiguration;
			buildSettings = {
				CODE_SIGN_STYLE = Automatic;
				CURRENT_PROJECT_VERSION = 1;
				GENERATE_INFOPLIST_FILE = YES;
				MARKETING_VERSION = 1.0;
				PRODUCT_BUNDLE_IDENTIFIER = edu.fhnw.tabletviewUITests;
				PRODUCT_NAME = "$(TARGET_NAME)";
				STRING_CATALOG_GENERATE_SYMBOLS = NO;
				SWIFT_APPROACHABLE_CONCURRENCY = YES;
				SWIFT_EMIT_LOC_STRINGS = NO;
				SWIFT_UPCOMING_FEATURE_MEMBER_IMPORT_VISIBILITY = YES;
				SWIFT_VERSION = 5.0;
				TARGETED_DEVICE_FAMILY = "1,2";
				TEST_TARGET_NAME = tabletview;
			};
			name = Debug;
		};
		81FA99AD2F59D8AC00E0FC85 /* Release */ = {
			isa = XCBuildConfiguration;
			buildSettings = {
				CODE_SIGN_STYLE = Automatic;
				CURRENT_PROJECT_VERSION = 1;
				GENERATE_INFOPLIST_FILE = YES;
				MARKETING_VERSION = 1.0;
				PRODUCT_BUNDLE_IDENTIFIER = edu.fhnw.tabletviewUITests;
				PRODUCT_NAME = "$(TARGET_NAME)";
				STRING_CATALOG_GENERATE_SYMBOLS = NO;
				SWIFT_APPROACHABLE_CONCURRENCY = YES;
				SWIFT_EMIT_LOC_STRINGS = NO;
				SWIFT_UPCOMING_FEATURE_MEMBER_IMPORT_VISIBILITY = YES;
				SWIFT_VERSION = 5.0;
				TARGETED_DEVICE_FAMILY = "1,2";
				TEST_TARGET_NAME = tabletview;
			};
			name = Release;
		};
/* End XCBuildConfiguration section */

/* Begin XCConfigurationList section */
		81FA997F2F59D8AB00E0FC85 /* Build configuration list for PBXProject "tabletview" */ = {
			isa = XCConfigurationList;
			buildConfigurations = (
				81FA99A32F59D8AC00E0FC85 /* Debug */,
				81FA99A42F59D8AC00E0FC85 /* Release */,
			);
			defaultConfigurationIsVisible = 0;
			defaultConfigurationName = Release;
		};
		81FA99A52F59D8AC00E0FC85 /* Build configuration list for PBXNativeTarget "tabletview" */ = {
			isa = XCConfigurationList;
			buildConfigurations = (
				81FA99A62F59D8AC00E0FC85 /* Debug */,
				81FA99A72F59D8AC00E0FC85 /* Release */,
			);
			defaultConfigurationIsVisible = 0;
			defaultConfigurationName = Release;
		};
		81FA99A82F59D8AC00E0FC85 /* Build configuration list for PBXNativeTarget "tabletviewTests" */ = {
			isa = XCConfigurationList;
			buildConfigurations = (
				81FA99A92F59D8AC00E0FC85 /* Debug */,
				81FA99AA2F59D8AC00E0FC85 /* Release */,
			);
			defaultConfigurationIsVisible = 0;
			defaultConfigurationName = Release;
		};
		81FA99AB2F59D8AC00E0FC85 /* Build configuration list for PBXNativeTarget "tabletviewUITests" */ = {
			isa = XCConfigurationList;
			buildConfigurations = (
				81FA99AC2F59D8AC00E0FC85 /* Debug */,
				81FA99AD2F59D8AC00E0FC85 /* Release */,
			);
			defaultConfigurationIsVisible = 0;
			defaultConfigurationName = Release;
		};
/* End XCConfigurationList section */

/* Begin XCRemoteSwiftPackageReference section */
		816DE2032F59F44F0057CF20 /* XCRemoteSwiftPackageReference "clerk-ios" */ = {
			isa = XCRemoteSwiftPackageReference;
			repositoryURL = "https://github.com/clerk/clerk-ios";
			requirement = {
				kind = upToNextMajorVersion;
				minimumVersion = 1.0.4;
			};
		};
/* End XCRemoteSwiftPackageReference section */

/* Begin XCSwiftPackageProductDependency section */
		816DE2042F59F44F0057CF20 /* ClerkKit */ = {
			isa = XCSwiftPackageProductDependency;
			package = 816DE2032F59F44F0057CF20 /* XCRemoteSwiftPackageReference "clerk-ios" */;
			productName = ClerkKit;
		};
		816DE2062F59F44F0057CF20 /* ClerkKitUI */ = {
			isa = XCSwiftPackageProductDependency;
			package = 816DE2032F59F44F0057CF20 /* XCRemoteSwiftPackageReference "clerk-ios" */;
			productName = ClerkKitUI;
		};
/* End XCSwiftPackageProductDependency section */
	};
	rootObject = 81FA997C2F59D8AB00E0FC85 /* Project object */;
}
